
Microsoft Visual Studio Solution File, Format Version 12.00
# Visual Studio Version 16
VisualStudioVersion = 16.0.33027.164
MinimumVisualStudioVersion = 10.0.40219.1
Project("{FAE04EC0-301F-11D3-BF4B-00C04F79EFBC}") = "Day01", "Day1\Day01.csproj", "{10ACE258-F376-48EA-A483-9C86F38B1A1F}"
EndProject
Project("{FAE04EC0-301F-11D3-BF4B-00C04F79EFBC}") = "Day02", "Day02\Day02.csproj", "{084672B6-CE86-4483-BAF3-2933EFD8D054}"
EndProject
Project("{FAE04EC0-301F-11D3-BF4B-00C04F79EFBC}") = "Day03", "Day03\Day03.csproj", "{A6A035CE-E31A-4C19-9A35-E9D6CF290D4A}"
EndProject
Project("{FAE04EC0-301F-11D3-BF4B-00C04F79EFBC}") = "Day04", "Day04\Day04.csproj", "{0B8EEB5F-B00C-4541-AC05-B1FE6695CBD0}"
EndProject
Project("{FAE04EC0-301F-11D3-BF4B-00C04F79EFBC}") = "Day05", "Day05\Day05.csproj", "{AD246988-AA79-49E6-AD9A-574D26D882C2}"
EndProject
Project("{FAE04EC0-301F-11D3-BF4B-00C04F79EFBC}") = "Day06", "Day06\Day06.csproj", "{C6D957C3-662E-49AD-BA70-8A4C5A0D3441}"
EndProject
Project("{FAE04EC0-301F-11D3-BF4B-00C04F79EFBC}") = "Day07", "Day07\Day07.csproj", "{3AB6744E-907E-414C-832F-0CADA7E0E930}"
EndProject
Project("{FAE04EC0-301F-11D3-BF4B-00C04F79EFBC}") = "Day08", "Day08\Day08.csproj", "{62FA4617-62D7-4BC8-9A52-89B589AC45A3}"
EndProject
Project("{FAE04EC0-301F-11D3-BF4B-00C04F79EFBC}") = "Day09", "Day09\Day09.csproj", "{A3611115-C59C-4FAC-89C9-AA92855D42DB}"
EndProject
Project("{FAE04EC0-301F-11D3-BF4B-00C04F79EFBC}") = "Day10", "Day10\Day10.csproj", "{D540F033-5967-4C1C-95BA-BF892E398E9E}"
EndProject
Project("{FAE04EC0-301F-11D3-BF4B-00C04F79EFBC}") = "Day11", "Day11\Day11.csproj", "{C1AEA49E-3F64-4257-836D-AE036FC5610F}"
EndProject
Project("{FAE04EC0-301F-11D3-BF4B-00C04F79EFBC}") = "Day12", "Day12\Day12.csproj", "{9C3A0B69-5DC1-4FC4-8F0C-65755255E4A2}"
EndProject
Project("{FAE04EC0-301F-11D3-BF4B-00C04F79EFBC}") = "Day13", "Day13\Day13.csproj", "{ACED30C0-1A41-4F03-AEC3-A725793885DB}"
EndProject
Project("{FAE04EC0-301F-11D3-BF4B-00C04F79EFBC}") = "Day14", "Day14\Day14.csproj", "{B6059F6C-C571-4003-B4BC-23CF32170E61}"
EndProject
Project("{FAE04EC0-301F-11D3-BF4B-00C04F79EFBC}") = "Day15", "Day15\Day15.csproj", "{CD665652-E0A5-4B59-A331-1270CE5E85DB}"
EndProject
Project("{FAE04EC0-301F-11D3-BF4B-00C04F79EFBC}") = "Day16", "Day16\Day16.csproj", "{6E5575C2-7B2C-4C38-AE01-288589CF442F}"
EndProject
Project("{FAE04EC0-301F-11D3-BF4B-00C04F79EFBC}") = "Day17", "Day17\Day17.csproj", "{3545CA89-9E4D-48FF-ADCF-62B3E1451731}"
EndProject
Project("{FAE04EC0-301F-11D3-BF4B-00C04F79EFBC}") = "Day18", "Day18\Day18.csproj", "{436C4D52-6726-4BE7-BC9C-D69E12B8B1C1}"
EndProject
Project("{FAE04EC0-301F-11D3-BF4B-00C04F79EFBC}") = "Day19", "Day19\Day19.csproj", "{017244CA-9CA6-45CF-990B-52795E60B990}"
EndProject
Project("{FAE04EC0-301F-11D3-BF4B-00C04F79EFBC}") = "Day20", "Day20\Day20.csproj", "{86A39696-575A-404F-BB1C-DDE42C737548}"
EndProject
Project("{FAE04EC0-301F-11D3-BF4B-00C04F79EFBC}") = "Day21", "Day21\Day21.csproj", "{C754F1BC-9BEC-47C0-86DE-D4F656F7C571}"
EndProject
Project("{FAE04EC0-301F-11D3-BF4B-00C04F79EFBC}") = "Day22", "Day22\Day22.csproj", "{A35F97DE-D817-4F75-8B11-A9A512DA737D}"
EndProject
Project("{FAE04EC0-301F-11D3-BF4B-00C04F79EFBC}") = "Day23", "Day23\Day23.csproj", "{73678515-6268-4405-ACBB-6D0BBC41DAF6}"
EndProject
Project("{FAE04EC0-301F-11D3-BF4B-00C04F79EFBC}") = "Day24", "Day24\Day24.csproj", "{14406D29-E789-4AE6-8B02-3CDFF9EDD812}"
EndProject
Project("{FAE04EC0-301F-11D3-BF4B-00C04F79EFBC}") = "Day25", "Day25\Day25.csproj", "{0A5FF702-FDA1-4293-92B0-98A367B90E97}"
EndProject
Global
	GlobalSection(SolutionConfigurationPlatforms) = preSolution
		Debug|Any CPU = Debug|Any CPU
		Release|Any CPU = Release|Any CPU
	EndGlobalSection
	GlobalSection(ProjectConfigurationPlatforms) = postSolution
		{10ACE258-F376-48EA-A483-9C86F38B1A1F}.Debug|Any CPU.ActiveCfg = Debug|Any CPU
		{10ACE258-F376-48EA-A483-9C86F38B1A1F}.Debug|Any CPU.Build.0 = Debug|Any CPU
		{10ACE258-F376-48EA-A483-9C86F38B1A1F}.Release|Any CPU.ActiveCfg = Release|Any CPU
		{10ACE258-F376-48EA-A483-9C86F38B1A1F}.Release|Any CPU.Build.0 = Release|Any CPU
		{084672B6-CE86-4483-BAF3-2933EFD8D054}.Debug|Any CPU.ActiveCfg = Debug|Any CPU
		{084672B6-CE86-4483-BAF3-2933EFD8D054}.Debug|Any CPU.Build.0 = Debug|Any CPU
		{084672B6-CE86-4483-BAF3-2933EFD8D054}.Release|Any CPU.ActiveCfg = Release|Any CPU
		{084672B6-CE86-4483-BAF3-2933EFD8D054}.Release|Any CPU.Build.0 = Release|Any CPU
		{A6A035CE-E31A-4C19-9A35-E9D6CF290D4A}.Debug|Any CPU.ActiveCfg = Debug|Any CPU
		{A6A035CE-E31A-4C19-9A35-E9D6CF290D4A}.Debug|Any CPU.Build.0 = Debug|Any CPU
		{A6A035CE-E31A-4C19-9A35-E9D6CF290D4A}.Release|Any CPU.ActiveCfg = Release|Any CPU
		{A6A035CE-E31A-4C19-9A35-E9D6CF290D4A}.Release|Any CPU.Build.0 = Release|Any CPU
		{0B8EEB5F-B00C-4541-AC05-B1FE6695CBD0}.Debug|Any CPU.ActiveCfg = Debug|Any CPU
		{0B8EEB5F-B00C-4541-AC05-B1FE6695CBD0}.Debug|Any CPU.Build.0 = Debug|Any CPU
		{0B8EEB5F-B00C-4541-AC05-B1FE6695CBD0}.Release|Any CPU.ActiveCfg = Release|Any CPU
		{0B8EEB5F-B00C-4541-AC05-B1FE6695CBD0}.Release|Any CPU.Build.0 = Release|Any CPU
		{AD246988-AA79-49E6-AD9A-574D26D882C2}.Debug|Any CPU.ActiveCfg = Debug|Any CPU
		{AD246988-AA79-49E6-AD9A-574D26D882C2}.Debug|Any CPU.Build.0 = Debug|Any CPU
		{AD246988-AA79-49E6-AD9A-574D26D882C2}.Release|Any CPU.ActiveCfg = Release|Any CPU
		{AD246988-AA79-49E6-AD9A-574D26D882C2}.Release|Any CPU.Build.0 = Release|Any CPU
		{C6D957C3-662E-49AD-BA70-8A4C5A0D3441}.Debug|Any CPU.ActiveCfg = Debug|Any CPU
		{C6D957C3-662E-49AD-BA70-8A4C5A0D3441}.Debug|Any CPU.Build.0 = Debug|Any CPU
		{C6D957C3-662E-49AD-BA70-8A4C5A0D3441}.Release|Any CPU.ActiveCfg = Release|Any CPU
		{C6D957C3-662E-49AD-BA70-8A4C5A0D3441}.Release|Any CPU.Build.0 = Release|Any CPU
		{3AB6744E-907E-414C-832F-0CADA7E0E930}.Debug|Any CPU.ActiveCfg = Debug|Any CPU
		{3AB6744E-907E-414C-832F-0CADA7E0E930}.Debug|Any CPU.Build.0 = Debug|Any CPU
		{3AB6744E-907E-414C-832F-0CADA7E0E930}.Release|Any CPU.ActiveCfg = Release|Any CPU
		{3AB6744E-907E-414C-832F-0CADA7E0E930}.Release|Any CPU.Build.0 = Release|Any CPU
		{62FA4617-62D7-4BC8-9A52-89B589AC45A3}.Debug|Any CPU.ActiveCfg = Debug|Any CPU
		{62FA4617-62D7-4BC8-9A52-89B589AC45A3}.Debug|Any CPU.Build.0 = Debug|Any CPU
		{62FA4617-62D7-4BC8-9A52-89B589AC45A3}.Release|Any CPU.ActiveCfg = Release|Any CPU
		{62FA4617-62D7-4BC8-9A52-89B589AC45A3}.Release|Any CPU.Build.0 = Release|Any CPU
		{A3611115-C59C-4FAC-89C9-AA92855D42DB}.Debug|Any CPU.ActiveCfg = Debug|Any CPU
		{A3611115-C59C-4FAC-89C9-AA92855D42DB}.Debug|Any CPU.Build.0 = Debug|Any CPU
		{A3611115-C59C-4FAC-89C9-AA92855D42DB}.Release|Any CPU.ActiveCfg = Release|Any CPU
		{A3611115-C59C-4FAC-89C9-AA92855D42DB}.Release|Any CPU.Build.0 = Release|Any CPU
		{D540F033-5967-4C1C-95BA-BF892E398E9E}.Debug|Any CPU.ActiveCfg = Debug|Any CPU
		{D540F033-5967-4C1C-95BA-BF892E398E9E}.Debug|Any CPU.Build.0 = Debug|Any CPU
		{D540F033-5967-4C1C-95BA-BF892E398E9E}.Release|Any CPU.ActiveCfg = Release|Any CPU
		{D540F033-5967-4C1C-95BA-BF892E398E9E}.Release|Any CPU.Build.0 = Release|Any CPU
		{C1AEA49E-3F64-4257-836D-AE036FC5610F}.Debug|Any CPU.ActiveCfg = Debug|Any CPU
		{C1AEA49E-3F64-4257-836D-AE036FC5610F}.Debug|Any CPU.Build.0 = Debug|Any CPU
		{C1AEA49E-3F64-4257-836D-AE036FC5610F}.Release|Any CPU.ActiveCfg = Release|Any CPU
		{C1AEA49E-3F64-4257-836D-AE036FC5610F}.Release|Any CPU.Build.0 = Release|Any CPU
		{9C3A0B69-5DC1-4FC4-8F0C-65755255E4A2}.Debug|Any CPU.ActiveCfg = Debug|Any CPU
		{9C3A0B69-5DC1-4FC4-8F0C-65755255E4A2}.Debug|Any CPU.Build.0 = Debug|Any CPU
		{9C3A0B69-5DC1-4FC4-8F0C-65755255E4A2}.Release|Any CPU.ActiveCfg = Release|Any CPU
		{9C3A0B69-5DC1-4FC4-8F0C-65755255E4A2}.Release|Any CPU.Build.0 = Release|Any CPU
		{ACED30C0-1A41-4F03-AEC3-A725793885DB}.Debug|Any CPU.ActiveCfg = Debug|Any CPU
		{ACED30C0-1A41-4F03-AEC3-A725793885DB}.Debug|Any CPU.Build.0 = Debug|Any CPU
		{ACED30C0-1A41-4F03-AEC3-A725793885DB}.Release|Any CPU.ActiveCfg = Release|Any CPU
		{ACED30C0-1A41-4F03-AEC3-A725793885DB}.Release|Any CPU.Build.0 = Release|Any CPU
		{B6059F6C-C571-4003-B4BC-23CF32170E61}.Debug|Any CPU.ActiveCfg = Debug|Any CPU
		{B6059F6C-C571-4003-B4BC-23CF32170E61}.Debug|Any CPU.Build.0 = Debug|Any CPU
		{B6059F6C-C571-4003-B4BC-23CF32170E61}.Release|Any CPU.ActiveCfg = Release|Any CPU
		{B6059F6C-C571-4003-B4BC-23CF32170E61}.Release|Any CPU.Build.0 = Release|Any CPU
		{CD665652-E0A5-4B59-A331-1270CE5E85DB}.Debug|Any CPU.ActiveCfg = Debug|Any CPU
		{CD665652-E0A5-4B59-A331-1270CE5E85DB}.Debug|Any CPU.Build.0 = Debug|Any CPU
		{CD665652-E0A5-4B59-A331-1270CE5E85DB}.Release|Any CPU.ActiveCfg = Release|Any CPU
		{CD665652-E0A5-4B59-A331-1270CE5E85DB}.Release|Any CPU.Build.0 = Release|Any CPU
		{6E5575C2-7B2C-4C38-AE01-288589CF442F}.Debug|Any CPU.ActiveCfg = Debug|Any CPU
		{6E5575C2-7B2C-4C38-AE01-288589CF442F}.Debug|Any CPU.Build.0 = Debug|Any CPU
		{6E5575C2-7B2C-4C38-AE01-288589CF442F}.Release|Any CPU.ActiveCfg = Release|Any CPU
		{6E5575C2-7B2C-4C38-AE01-288589CF442F}.Release|Any CPU.Build.0 = Release|Any CPU
		{3545CA89-9E4D-48FF-ADCF-62B3E1451731}.Debug|Any CPU.ActiveCfg = Debug|Any CPU
		{3545CA89-9E4D-48FF-ADCF-62B3E1451731}.Debug|Any CPU.Build.0 = Debug|Any CPU
		{3545CA89-9E4D-48FF-ADCF-62B3E1451731}.Release|Any CPU.ActiveCfg = Release|Any CPU
		{3545CA89-9E4D-48FF-ADCF-62B3E1451731}.Release|Any CPU.Build.0 = Release|Any CPU
		{436C4D52-6726-4BE7-BC9C-D69E12B8B1C1}.Debug|Any CPU.ActiveCfg = Debug|Any CPU
		{436C4D52-6726-4BE7-BC9C-D69E12B8B1C1}.Debug|Any CPU.Build.0 = Debug|Any CPU
		{436C4D52-6726-4BE7-BC9C-D69E12B8B1C1}.Release|Any CPU.ActiveCfg = Release|Any CPU
		{436C4D52-6726-4BE7-BC9C-D69E12B8B1C1}.Release|Any CPU.Build.0 = Release|Any CPU
		{017244CA-9CA6-45CF-990B-52795E60B990}.Debug|Any CPU.ActiveCfg = Debug|Any CPU
		{017244CA-9CA6-45CF-990B-52795E60B990}.Debug|Any CPU.Build.0 = Debug|Any CPU
		{017244CA-9CA6-45CF-990B-52795E60B990}.Release|Any CPU.ActiveCfg = Release|Any CPU
		{017244CA-9CA6-45CF-990B-52795E60B990}.Release|Any CPU.Build.0 = Release|Any CPU
		{86A39696-575A-404F-BB1C-DDE42C737548}.Debug|Any CPU.ActiveCfg = Debug|Any CPU
		{86A39696-575A-404F-BB1C-DDE42C737548}.Debug|Any CPU.Build.0 = Debug|Any CPU
		{86A39696-575A-404F-BB1C-DDE42C737548}.Release|Any CPU.ActiveCfg = Release|Any CPU
		{86A39696-575A-404F-BB1C-DDE42C737548}.Release|Any CPU.Build.0 = Release|Any CPU
		{C754F1BC-9BEC-47C0-86DE-D4F656F7C571}.Debug|Any CPU.ActiveCfg = Debug|Any CPU
		{C754F1BC-9BEC-47C0-86DE-D4F656F7C571}.Debug|Any CPU.Build.0 = Debug|Any CPU
		{C754F1BC-9BEC-47C0-86DE-D4F656F7C571}.Release|Any CPU.ActiveCfg = Release|Any CPU
		{C754F1BC-9BEC-47C0-86DE-D4F656F7C571}.Release|Any CPU.Build.0 = Release|Any CPU
		{A35F97DE-D817-4F75-8B11-A9A512DA737D}.Debug|Any CPU.ActiveCfg = Debug|Any CPU
		{A35F97DE-D817-4F75-8B11-A9A512DA737D}.Debug|Any CPU.Build.0 = Debug|Any CPU
		{A35F97DE-D817-4F75-8B11-A9A512DA737D}.Release|Any CPU.ActiveCfg = Release|Any CPU
		{A35F97DE-D817-4F75-8B11-A9A512DA737D}.Release|Any CPU.Build.0 = Release|Any CPU
		{73678515-6268-4405-ACBB-6D0BBC41DAF6}.Debug|Any CPU.ActiveCfg = Debug|Any CPU
		{73678515-6268-4405-ACBB-6D0BBC41DAF6}.Debug|Any CPU.Build.0 = Debug|Any CPU
		{73678515-6268-4405-ACBB-6D0BBC41DAF6}.Release|Any CPU.ActiveCfg = Release|Any CPU
		{73678515-6268-4405-ACBB-6D0BBC41DAF6}.Release|Any CPU.Build.0 = Release|Any CPU
		{14406D29-E789-4AE6-8B02-3CDFF9EDD812}.Debug|Any CPU.ActiveCfg = Debug|Any CPU
		{14406D29-E789-4AE6-8B02-3CDFF9EDD812}.Debug|Any CPU.Build.0 = Debug|Any CPU
		{14406D29-E789-4AE6-8B02-3CDFF9EDD812}.Release|Any CPU.ActiveCfg = Release|Any CPU
		{14406D29-E789-4AE6-8B02-3CDFF9EDD812}.Release|Any CPU.Build.0 = Release|Any CPU
		{0A5FF702-FDA1-4293-92B0-98A367B90E97}.Debug|Any CPU.ActiveCfg = Debug|Any CPU
		{0A5FF702-FDA1-4293-92B0-98A367B90E97}.Debug|Any CPU.Build.0 = Debug|Any CPU
		{0A5FF702-FDA1-4293-92B0-98A367B90E97}.Release|Any CPU.ActiveCfg = Release|Any CPU
		{0A5FF702-FDA1-4293-92B0-98A367B90E97}.Release|Any CPU.Build.0 = Release|Any CPU
	EndGlobalSection
	GlobalSection(SolutionProperties) = preSolution
		HideSolutionNode = FALSE
	EndGlobalSection
	GlobalSection(ExtensibilityGlobals) = postSolution
		SolutionGuid = {9AA11F80-D837-44A9-8299-0F32C4989B8A}
	EndGlobalSection
EndGlobal
